
Microsoft Visual Studio Solution File, Format Version 12.00
# Visual Studio Version 17
VisualStudioVersion = 17.4.33122.133
MinimumVisualStudioVersion = 10.0.40219.1
Project("{888888A0-9F3D-457C-B088-3A5042F75D52}") = "Sonad", "Sonad\Sonad.pyproj", "{ED533A59-031D-430D-A980-E478730C4C62}"
EndProject
Global
	GlobalSection(SolutionConfigurationPlatforms) = preSolution
		Debug|Any CPU = Debug|Any CPU
		Release|Any CPU = Release|Any CPU
	EndGlobalSection
	GlobalSection(ProjectConfigurationPlatforms) = postSolution
		{ED533A59-031D-430D-A980-E478730C4C62}.Debug|Any CPU.ActiveCfg = Debug|Any CPU
		{ED533A59-031D-430D-A980-E478730C4C62}.Release|Any CPU.ActiveCfg = Release|Any CPU
	EndGlobalSection
	GlobalSection(SolutionProperties) = preSolution
		HideSolutionNode = FALSE
	EndGlobalSection
	GlobalSection(ExtensibilityGlobals) = postSolution
		SolutionGuid = {0961798F-18CC-4C94-A904-C077BECCB9BC}
	EndGlobalSection
EndGlobal
